// !$*UTF8*$!
{
	archiveVersion = 1;
	classes = {
	};
	objectVersion = 56;
	objects = {

/* Begin PBXBuildFile section */
		CB019A932966ABEB00FAEDA7 /* ofra_App.swift in Sources */ = {isa = PBXBuildFile; fileRef = CB019A922966ABEB00FAEDA7 /* ofra_App.swift */; };
		CB019A972966ABEC00FAEDA7 /* Assets.xcassets in Resources */ = {isa = PBXBuildFile; fileRef = CB019A962966ABEC00FAEDA7 /* Assets.xcassets */; };
		CB019A9B2966ABEC00FAEDA7 /* Preview Assets.xcassets in Resources */ = {isa = PBXBuildFile; fileRef = CB019A9A2966ABEC00FAEDA7 /* Preview Assets.xcassets */; };
		CB019AA22966BCB800FAEDA7 /* picker.swift in Sources */ = {isa = PBXBuildFile; fileRef = CB019AA12966BCB800FAEDA7 /* picker.swift */; };
		CB25120C296C07DD00E42197 /* Localizable.strings in Resources */ = {isa = PBXBuildFile; fileRef = CB25120E296C07DD00E42197 /* Localizable.strings */; };
		CB70A404296E949C00460BAB /* savings.swift in Sources */ = {isa = PBXBuildFile; fileRef = CB70A403296E949C00460BAB /* savings.swift */; };
		CB70A40629715BD200460BAB /* sheetgoals.swift in Sources */ = {isa = PBXBuildFile; fileRef = CB70A40529715BD200460BAB /* sheetgoals.swift */; };
		CB70A408297160E700460BAB /* UploadAnImage.swift in Sources */ = {isa = PBXBuildFile; fileRef = CB70A407297160E700460BAB /* UploadAnImage.swift */; };
		CB70A40A2971616000460BAB /* ImagePicker.swift in Sources */ = {isa = PBXBuildFile; fileRef = CB70A4092971616000460BAB /* ImagePicker.swift */; };
		CB70A40C297161D700460BAB /* sheetsave.swift in Sources */ = {isa = PBXBuildFile; fileRef = CB70A40B297161D700460BAB /* sheetsave.swift */; };
		CB70A40E297162ED00460BAB /* rate2.swift in Sources */ = {isa = PBXBuildFile; fileRef = CB70A40D297162ED00460BAB /* rate2.swift */; };
		CB70A4102971B67C00460BAB /* home.swift in Sources */ = {isa = PBXBuildFile; fileRef = CB70A40F2971B67C00460BAB /* home.swift */; };
		CBB6DFC1296BFE5400334841 /* gols.swift in Sources */ = {isa = PBXBuildFile; fileRef = CBB6DFC0296BFE5400334841 /* gols.swift */; };
/* End PBXBuildFile section */

/* Begin PBXFileReference section */
		CB019A8F2966ABEB00FAEDA7 /* ofra..app */ = {isa = PBXFileReference; explicitFileType = wrapper.application; includeInIndex = 0; path = ofra..app; sourceTree = BUILT_PRODUCTS_DIR; };
		CB019A922966ABEB00FAEDA7 /* ofra_App.swift */ = {isa = PBXFileReference; lastKnownFileType = sourcecode.swift; path = ofra_App.swift; sourceTree = "<group>"; };
		CB019A962966ABEC00FAEDA7 /* Assets.xcassets */ = {isa = PBXFileReference; lastKnownFileType = folder.assetcatalog; path = Assets.xcassets; sourceTree = "<group>"; };
		CB019A982966ABEC00FAEDA7 /* ofra_.entitlements */ = {isa = PBXFileReference; lastKnownFileType = text.plist.entitlements; path = ofra_.entitlements; sourceTree = "<group>"; };
		CB019A9A2966ABEC00FAEDA7 /* Preview Assets.xcassets */ = {isa = PBXFileReference; lastKnownFileType = folder.assetcatalog; path = "Preview Assets.xcassets"; sourceTree = "<group>"; };
		CB019AA12966BCB800FAEDA7 /* picker.swift */ = {isa = PBXFileReference; lastKnownFileType = sourcecode.swift; path = picker.swift; sourceTree = "<group>"; };
		CB25120D296C07DD00E42197 /* en */ = {isa = PBXFileReference; lastKnownFileType = text.plist.strings; name = en; path = en.lproj/Localizable.strings; sourceTree = "<group>"; };
		CB25120F296C07E000E42197 /* ar */ = {isa = PBXFileReference; lastKnownFileType = text.plist.strings; name = ar; path = ar.lproj/Localizable.strings; sourceTree = "<group>"; };
		CB70A403296E949C00460BAB /* savings.swift */ = {isa = PBXFileReference; lastKnownFileType = sourcecode.swift; path = savings.swift; sourceTree = "<group>"; };
		CB70A40529715BD200460BAB /* sheetgoals.swift */ = {isa = PBXFileReference; lastKnownFileType = sourcecode.swift; path = sheetgoals.swift; sourceTree = "<group>"; };
		CB70A407297160E700460BAB /* UploadAnImage.swift */ = {isa = PBXFileReference; lastKnownFileType = sourcecode.swift; path = UploadAnImage.swift; sourceTree = "<group>"; };
		CB70A4092971616000460BAB /* ImagePicker.swift */ = {isa = PBXFileReference; lastKnownFileType = sourcecode.swift; path = ImagePicker.swift; sourceTree = "<group>"; };
		CB70A40B297161D700460BAB /* sheetsave.swift */ = {isa = PBXFileReference; lastKnownFileType = sourcecode.swift; path = sheetsave.swift; sourceTree = "<group>"; };
		CB70A40D297162ED00460BAB /* rate2.swift */ = {isa = PBXFileReference; lastKnownFileType = sourcecode.swift; path = rate2.swift; sourceTree = "<group>"; };
		CB70A40F2971B67C00460BAB /* home.swift */ = {isa = PBXFileReference; lastKnownFileType = sourcecode.swift; path = home.swift; sourceTree = "<group>"; };
		CBB6DFC0296BFE5400334841 /* gols.swift */ = {isa = PBXFileReference; lastKnownFileType = sourcecode.swift; path = gols.swift; sourceTree = "<group>"; };
/* End PBXFileReference section */

/* Begin PBXFrameworksBuildPhase section */
		CB019A8C2966ABEB00FAEDA7 /* Frameworks */ = {
			isa = PBXFrameworksBuildPhase;
			buildActionMask = 2147483647;
			files = (
			);
			runOnlyForDeploymentPostprocessing = 0;
		};
/* End PBXFrameworksBuildPhase section */

/* Begin PBXGroup section */
		CB019A862966ABEB00FAEDA7 = {
			isa = PBXGroup;
			children = (
				CB25120E296C07DD00E42197 /* Localizable.strings */,
				CB019A912966ABEB00FAEDA7 /* ofra. */,
				CB019A902966ABEB00FAEDA7 /* Products */,
			);
			sourceTree = "<group>";
		};
		CB019A902966ABEB00FAEDA7 /* Products */ = {
			isa = PBXGroup;
			children = (
				CB019A8F2966ABEB00FAEDA7 /* ofra..app */,
			);
			name = Products;
			sourceTree = "<group>";
		};
		CB019A912966ABEB00FAEDA7 /* ofra. */ = {
			isa = PBXGroup;
			children = (
				CB019A922966ABEB00FAEDA7 /* ofra_App.swift */,
				CB019AA12966BCB800FAEDA7 /* picker.swift */,
				CB70A40F2971B67C00460BAB /* home.swift */,
				CBB6DFC0296BFE5400334841 /* gols.swift */,
				CB70A403296E949C00460BAB /* savings.swift */,
				CB70A40529715BD200460BAB /* sheetgoals.swift */,
				CB70A40B297161D700460BAB /* sheetsave.swift */,
				CB70A40D297162ED00460BAB /* rate2.swift */,
				CB70A407297160E700460BAB /* UploadAnImage.swift */,
				CB70A4092971616000460BAB /* ImagePicker.swift */,
				CB019A962966ABEC00FAEDA7 /* Assets.xcassets */,
				CB019A982966ABEC00FAEDA7 /* ofra_.entitlements */,
				CB019A992966ABEC00FAEDA7 /* Preview Content */,
			);
			path = ofra.;
			sourceTree = "<group>";
		};
		CB019A992966ABEC00FAEDA7 /* Preview Content */ = {
			isa = PBXGroup;
			children = (
				CB019A9A2966ABEC00FAEDA7 /* Preview Assets.xcassets */,
			);
			path = "Preview Content";
			sourceTree = "<group>";
		};
/* End PBXGroup section */

/* Begin PBXNativeTarget section */
		CB019A8E2966ABEB00FAEDA7 /* ofra. */ = {
			isa = PBXNativeTarget;
			buildConfigurationList = CB019A9E2966ABEC00FAEDA7 /* Build configuration list for PBXNativeTarget "ofra." */;
			buildPhases = (
				CB019A8B2966ABEB00FAEDA7 /* Sources */,
				CB019A8C2966ABEB00FAEDA7 /* Frameworks */,
				CB019A8D2966ABEB00FAEDA7 /* Resources */,
			);
			buildRules = (
			);
			dependencies = (
			);
			name = ofra.;
			productName = ofra.;
			productReference = CB019A8F2966ABEB00FAEDA7 /* ofra..app */;
			productType = "com.apple.product-type.application";
		};
/* End PBXNativeTarget section */

/* Begin PBXProject section */
		CB019A872966ABEB00FAEDA7 /* Project object */ = {
			isa = PBXProject;
			attributes = {
				BuildIndependentTargetsInParallel = 1;
				LastSwiftUpdateCheck = 1420;
				LastUpgradeCheck = 1420;
				TargetAttributes = {
					CB019A8E2966ABEB00FAEDA7 = {
						CreatedOnToolsVersion = 14.2;
					};
				};
			};
			buildConfigurationList = CB019A8A2966ABEB00FAEDA7 /* Build configuration list for PBXProject "ofra." */;
			compatibilityVersion = "Xcode 14.0";
			developmentRegion = en;
			hasScannedForEncodings = 0;
			knownRegions = (
				en,
				Base,
				ar,
			);
			mainGroup = CB019A862966ABEB00FAEDA7;
			productRefGroup = CB019A902966ABEB00FAEDA7 /* Products */;
			projectDirPath = "";
			projectRoot = "";
			targets = (
				CB019A8E2966ABEB00FAEDA7 /* ofra. */,
			);
		};
/* End PBXProject section */

/* Begin PBXResourcesBuildPhase section */
		CB019A8D2966ABEB00FAEDA7 /* Resources */ = {
			isa = PBXResourcesBuildPhase;
			buildActionMask = 2147483647;
			files = (
				CB019A9B2966ABEC00FAEDA7 /* Preview Assets.xcassets in Resources */,
				CB25120C296C07DD00E42197 /* Localizable.strings in Resources */,
				CB019A972966ABEC00FAEDA7 /* Assets.xcassets in Resources */,
			);
			runOnlyForDeploymentPostprocessing = 0;
		};
/* End PBXResourcesBuildPhase section */

/* Begin PBXSourcesBuildPhase section */
		CB019A8B2966ABEB00FAEDA7 /* Sources */ = {
			isa = PBXSourcesBuildPhase;
			buildActionMask = 2147483647;
			files = (
				CB019A932966ABEB00FAEDA7 /* ofra_App.swift in Sources */,
				CBB6DFC1296BFE5400334841 /* gols.swift in Sources */,
				CB70A40C297161D700460BAB /* sheetsave.swift in Sources */,
				CB70A40629715BD200460BAB /* sheetgoals.swift in Sources */,
				CB70A40E297162ED00460BAB /* rate2.swift in Sources */,
				CB70A40A2971616000460BAB /* ImagePicker.swift in Sources */,
				CB70A408297160E700460BAB /* UploadAnImage.swift in Sources */,
				CB019AA22966BCB800FAEDA7 /* picker.swift in Sources */,
				CB70A4102971B67C00460BAB /* home.swift in Sources */,
				CB70A404296E949C00460BAB /* savings.swift in Sources */,
			);
			runOnlyForDeploymentPostprocessing = 0;
		};
/* End PBXSourcesBuildPhase section */

/* Begin PBXVariantGroup section */
		CB25120E296C07DD00E42197 /* Localizable.strings */ = {
			isa = PBXVariantGroup;
			children = (
				CB25120D296C07DD00E42197 /* en */,
				CB25120F296C07E000E42197 /* ar */,
			);
			name = Localizable.strings;
			sourceTree = "<group>";
		};
/* End PBXVariantGroup section */

/* Begin XCBuildConfiguration section */
		CB019A9C2966ABEC00FAEDA7 /* Debug */ = {
			isa = XCBuildConfiguration;
			buildSettings = {
				ALWAYS_SEARCH_USER_PATHS = NO;
				CLANG_ANALYZER_NONNULL = YES;
				CLANG_ANALYZER_NUMBER_OBJECT_CONVERSION = YES_AGGRESSIVE;
				CLANG_CXX_LANGUAGE_STANDARD = "gnu++20";
				CLANG_ENABLE_MODULES = YES;
				CLANG_ENABLE_OBJC_ARC = YES;
				CLANG_ENABLE_OBJC_WEAK = YES;
				CLANG_WARN_BLOCK_CAPTURE_AUTORELEASING = YES;
				CLANG_WARN_BOOL_CONVERSION = YES;
				CLANG_WARN_COMMA = YES;
				CLANG_WARN_CONSTANT_CONVERSION = YES;
				CLANG_WARN_DEPRECATED_OBJC_IMPLEMENTATIONS = YES;
				CLANG_WARN_DIRECT_OBJC_ISA_USAGE = YES_ERROR;
				CLANG_WARN_DOCUMENTATION_COMMENTS = YES;
				CLANG_WARN_EMPTY_BODY = YES;
				CLANG_WARN_ENUM_CONVERSION = YES;
				CLANG_WARN_INFINITE_RECURSION = YES;
				CLANG_WARN_INT_CONVERSION = YES;
				CLANG_WARN_NON_LITERAL_NULL_CONVERSION = YES;
				CLANG_WARN_OBJC_IMPLICIT_RETAIN_SELF = YES;
				CLANG_WARN_OBJC_LITERAL_CONVERSION = YES;
				CLANG_WARN_OBJC_ROOT_CLASS = YES_ERROR;
				CLANG_WARN_QUOTED_INCLUDE_IN_FRAMEWORK_HEADER = YES;
				CLANG_WARN_RANGE_LOOP_ANALYSIS = YES;
				CLANG_WARN_STRICT_PROTOTYPES = YES;
				CLANG_WARN_SUSPICIOUS_MOVE = YES;
				CLANG_WARN_UNGUARDED_AVAILABILITY = YES_AGGRESSIVE;
				CLANG_WARN_UNREACHABLE_CODE = YES;
				CLANG_WARN__DUPLICATE_METHOD_MATCH = YES;
				COPY_PHASE_STRIP = NO;
				DEBUG_INFORMATION_FORMAT = dwarf;
				ENABLE_STRICT_OBJC_MSGSEND = YES;
				ENABLE_TESTABILITY = YES;
				GCC_C_LANGUAGE_STANDARD = gnu11;
				GCC_DYNAMIC_NO_PIC = NO;
				GCC_NO_COMMON_BLOCKS = YES;
				GCC_OPTIMIZATION_LEVEL = 0;
				GCC_PREPROCESSOR_DEFINITIONS = (
					"DEBUG=1",
					"$(inherited)",
				);
				GCC_WARN_64_TO_32_BIT_CONVERSION = YES;
				GCC_WARN_ABOUT_RETURN_TYPE = YES_ERROR;
				GCC_WARN_UNDECLARED_SELECTOR = YES;
				GCC_WARN_UNINITIALIZED_AUTOS = YES_AGGRESSIVE;
				GCC_WARN_UNUSED_FUNCTION = YES;
				GCC_WARN_UNUSED_VARIABLE = YES;
				MTL_ENABLE_DEBUG_INFO = INCLUDE_SOURCE;
				MTL_FAST_MATH = YES;
				ONLY_ACTIVE_ARCH = YES;
				SWIFT_ACTIVE_COMPILATION_CONDITIONS = DEBUG;
				SWIFT_OPTIMIZATION_LEVEL = "-Onone";
			};
			name = Debug;
		};
		CB019A9D2966ABEC00FAEDA7 /* Release */ = {
			isa = XCBuildConfiguration;
			buildSettings = {
				ALWAYS_SEARCH_USER_PATHS = NO;
				CLANG_ANALYZER_NONNULL = YES;
				CLANG_ANALYZER_NUMBER_OBJECT_CONVERSION = YES_AGGRESSIVE;
				CLANG_CXX_LANGUAGE_STANDARD = "gnu++20";
				CLANG_ENABLE_MODULES = YES;
				CLANG_ENABLE_OBJC_ARC = YES;
				CLANG_ENABLE_OBJC_WEAK = YES;
				CLANG_WARN_BLOCK_CAPTURE_AUTORELEASING = YES;
				CLANG_WARN_BOOL_CONVERSION = YES;
				CLANG_WARN_COMMA = YES;
				CLANG_WARN_CONSTANT_CONVERSION = YES;
				CLANG_WARN_DEPRECATED_OBJC_IMPLEMENTATIONS = YES;
				CLANG_WARN_DIRECT_OBJC_ISA_USAGE = YES_ERROR;
				CLANG_WARN_DOCUMENTATION_COMMENTS = YES;
				CLANG_WARN_EMPTY_BODY = YES;
				CLANG_WARN_ENUM_CONVERSION = YES;
				CLANG_WARN_INFINITE_RECURSION = YES;
				CLANG_WARN_INT_CONVERSION = YES;
				CLANG_WARN_NON_LITERAL_NULL_CONVERSION = YES;
				CLANG_WARN_OBJC_IMPLICIT_RETAIN_SELF = YES;
				CLANG_WARN_OBJC_LITERAL_CONVERSION = YES;
				CLANG_WARN_OBJC_ROOT_CLASS = YES_ERROR;
				CLANG_WARN_QUOTED_INCLUDE_IN_FRAMEWORK_HEADER = YES;
				CLANG_WARN_RANGE_LOOP_ANALYSIS = YES;
				CLANG_WARN_STRICT_PROTOTYPES = YES;
				CLANG_WARN_SUSPICIOUS_MOVE = YES;
				CLANG_WARN_UNGUARDED_AVAILABILITY = YES_AGGRESSIVE;
				CLANG_WARN_UNREACHABLE_CODE = YES;
				CLANG_WARN__DUPLICATE_METHOD_MATCH = YES;
				COPY_PHASE_STRIP = NO;
				DEBUG_INFORMATION_FORMAT = "dwarf-with-dsym";
				ENABLE_NS_ASSERTIONS = NO;
				ENABLE_STRICT_OBJC_MSGSEND = YES;
				GCC_C_LANGUAGE_STANDARD = gnu11;
				GCC_NO_COMMON_BLOCKS = YES;
				GCC_WARN_64_TO_32_BIT_CONVERSION = YES;
				GCC_WARN_ABOUT_RETURN_TYPE = YES_ERROR;
				GCC_WARN_UNDECLARED_SELECTOR = YES;
				GCC_WARN_UNINITIALIZED_AUTOS = YES_AGGRESSIVE;
				GCC_WARN_UNUSED_FUNCTION = YES;
				GCC_WARN_UNUSED_VARIABLE = YES;
				MTL_ENABLE_DEBUG_INFO = NO;
				MTL_FAST_MATH = YES;
				SWIFT_COMPILATION_MODE = wholemodule;
				SWIFT_OPTIMIZATION_LEVEL = "-O";
			};
			name = Release;
		};
		CB019A9F2966ABEC00FAEDA7 /* Debug */ = {
			isa = XCBuildConfiguration;
			buildSettings = {
				ASSETCATALOG_COMPILER_APPICON_NAME = AppIcon;
				ASSETCATALOG_COMPILER_GLOBAL_ACCENT_COLOR_NAME = AccentColor;
				CODE_SIGN_ENTITLEMENTS = ofra./ofra_.entitlements;
				CODE_SIGN_STYLE = Automatic;
				CURRENT_PROJECT_VERSION = 1;
				DEVELOPMENT_ASSET_PATHS = "\"ofra./Preview Content\"";
				DEVELOPMENT_TEAM = P67857R4YY;
				ENABLE_HARDENED_RUNTIME = YES;
				ENABLE_PREVIEWS = YES;
				GENERATE_INFOPLIST_FILE = YES;
				"INFOPLIST_KEY_UIApplicationSceneManifest_Generation[sdk=iphoneos*]" = YES;
				"INFOPLIST_KEY_UIApplicationSceneManifest_Generation[sdk=iphonesimulator*]" = YES;
				"INFOPLIST_KEY_UIApplicationSupportsIndirectInputEvents[sdk=iphoneos*]" = YES;
				"INFOPLIST_KEY_UIApplicationSupportsIndirectInputEvents[sdk=iphonesimulator*]" = YES;
				"INFOPLIST_KEY_UILaunchScreen_Generation[sdk=iphoneos*]" = YES;
				"INFOPLIST_KEY_UILaunchScreen_Generation[sdk=iphonesimulator*]" = YES;
				"INFOPLIST_KEY_UIStatusBarStyle[sdk=iphoneos*]" = UIStatusBarStyleDefault;
				"INFOPLIST_KEY_UIStatusBarStyle[sdk=iphonesimulator*]" = UIStatusBarStyleDefault;
				INFOPLIST_KEY_UISupportedInterfaceOrientations_iPad = "UIInterfaceOrientationPortrait UIInterfaceOrientationPortraitUpsideDown UIInterfaceOrientationLandscapeLeft UIInterfaceOrientationLandscapeRight";
				INFOPLIST_KEY_UISupportedInterfaceOrientations_iPhone = "UIInterfaceOrientationPortrait UIInterfaceOrientationLandscapeLeft UIInterfaceOrientationLandscapeRight";
				IPHONEOS_DEPLOYMENT_TARGET = 16.2;
				LD_RUNPATH_SEARCH_PATHS = "@executable_path/Frameworks";
				"LD_RUNPATH_SEARCH_PATHS[sdk=macosx*]" = "@executable_path/../Frameworks";
				MACOSX_DEPLOYMENT_TARGET = 13.0;
				MARKETING_VERSION = 1.0;
				PRODUCT_BUNDLE_IDENTIFIER = "com.nura.ofra-";
				PRODUCT_NAME = "$(TARGET_NAME)";
				SDKROOT = auto;
				SUPPORTED_PLATFORMS = "iphoneos iphonesimulator macosx";
				SWIFT_EMIT_LOC_STRINGS = YES;
				SWIFT_VERSION = 5.0;
				TARGETED_DEVICE_FAMILY = "1,2";
			};
			name = Debug;
		};
		CB019AA02966ABEC00FAEDA7 /* Release */ = {
			isa = XCBuildConfiguration;
			buildSettings = {
				ASSETCATALOG_COMPILER_APPICON_NAME = AppIcon;
				ASSETCATALOG_COMPILER_GLOBAL_ACCENT_COLOR_NAME = AccentColor;
				CODE_SIGN_ENTITLEMENTS = ofra./ofra_.entitlements;
				CODE_SIGN_STYLE = Automatic;
				CURRENT_PROJECT_VERSION = 1;
				DEVELOPMENT_ASSET_PATHS = "\"ofra./Preview Content\"";
				DEVELOPMENT_TEAM = P67857R4YY;
				ENABLE_HARDENED_RUNTIME = YES;
				ENABLE_PREVIEWS = YES;
				GENERATE_INFOPLIST_FILE = YES;
				"INFOPLIST_KEY_UIApplicationSceneManifest_Generation[sdk=iphoneos*]" = YES;
				"INFOPLIST_KEY_UIApplicationSceneManifest_Generation[sdk=iphonesimulator*]" = YES;
				"INFOPLIST_KEY_UIApplicationSupportsIndirectInputEvents[sdk=iphoneos*]" = YES;
				"INFOPLIST_KEY_UIApplicationSupportsIndirectInputEvents[sdk=iphonesimulator*]" = YES;
				"INFOPLIST_KEY_UILaunchScreen_Generation[sdk=iphoneos*]" = YES;
				"INFOPLIST_KEY_UILaunchScreen_Generation[sdk=iphonesimulator*]" = YES;
				"INFOPLIST_KEY_UIStatusBarStyle[sdk=iphoneos*]" = UIStatusBarStyleDefault;
				"INFOPLIST_KEY_UIStatusBarStyle[sdk=iphonesimulator*]" = UIStatusBarStyleDefault;
				INFOPLIST_KEY_UISupportedInterfaceOrientations_iPad = "UIInterfaceOrientationPortrait UIInterfaceOrientationPortraitUpsideDown UIInterfaceOrientationLandscapeLeft UIInterfaceOrientationLandscapeRight";
				INFOPLIST_KEY_UISupportedInterfaceOrientations_iPhone = "UIInterfaceOrientationPortrait UIInterfaceOrientationLandscapeLeft UIInterfaceOrientationLandscapeRight";
				IPHONEOS_DEPLOYMENT_TARGET = 16.2;
				LD_RUNPATH_SEARCH_PATHS = "@executable_path/Frameworks";
				"LD_RUNPATH_SEARCH_PATHS[sdk=macosx*]" = "@executable_path/../Frameworks";
				MACOSX_DEPLOYMENT_TARGET = 13.0;
				MARKETING_VERSION = 1.0;
				PRODUCT_BUNDLE_IDENTIFIER = "com.nura.ofra-";
				PRODUCT_NAME = "$(TARGET_NAME)";
				SDKROOT = auto;
				SUPPORTED_PLATFORMS = "iphoneos iphonesimulator macosx";
				SWIFT_EMIT_LOC_STRINGS = YES;
				SWIFT_VERSION = 5.0;
				TARGETED_DEVICE_FAMILY = "1,2";
			};
			name = Release;
		};
/* End XCBuildConfiguration section */

/* Begin XCConfigurationList section */
		CB019A8A2966ABEB00FAEDA7 /* Build configuration list for PBXProject "ofra." */ = {
			isa = XCConfigurationList;
			buildConfigurations = (
				CB019A9C2966ABEC00FAEDA7 /* Debug */,
				CB019A9D2966ABEC00FAEDA7 /* Release */,
			);
			defaultConfigurationIsVisible = 0;
			defaultConfigurationName = Release;
		};
		CB019A9E2966ABEC00FAEDA7 /* Build configuration list for PBXNativeTarget "ofra." */ = {
			isa = XCConfigurationList;
			buildConfigurations = (
				CB019A9F2966ABEC00FAEDA7 /* Debug */,
				CB019AA02966ABEC00FAEDA7 /* Release */,
			);
			defaultConfigurationIsVisible = 0;
			defaultConfigurationName = Release;
		};
/* End XCConfigurationList section */
	};
	rootObject = CB019A872966ABEB00FAEDA7 /* Project object */;
}
